
Microsoft Visual Studio Solution File, Format Version 12.00
# Visual Studio Version 17
VisualStudioVersion = 17.0.31903.59
MinimumVisualStudioVersion = 10.0.40219.1
Project("{2150E333-8FDC-42A3-9474-1A3956D46DE8}") = "tests", "tests", "{664D406C-2F83-48F0-BFC3-408D5CB53C65}"
EndProject
Project("{9A19103F-16F7-4668-BE54-9A1E7A4F7556}") = "Application.UnitTests", "tests\Application.UnitTests\Application.UnitTests.csproj", "{DEFF4009-1FAB-4392-80B6-707E2DC5C00B}"
EndProject
Project("{9A19103F-16F7-4668-BE54-9A1E7A4F7556}") = "Domain.UnitTests", "tests\Domain.UnitTests\Domain.UnitTests.csproj", "{DC37FD87-552C-4613-9F16-1537CA522898}"
EndProject
Project("{9A19103F-16F7-4668-BE54-9A1E7A4F7556}") = "Application.IntegrationTests", "tests\Application.IntegrationTests\Application.IntegrationTests.csproj", "{277029AF-D9E1-4B75-9F11-48FEA7345AD7}"
EndProject
Project("{E53339B2-1760-4266-BCC7-CA923CBCF16C}") = "docker-compose", "docker-compose.dcproj", "{6BD2EC46-FA8F-44F3-AF33-903BBB347116}"
EndProject
Project("{2150E333-8FDC-42A3-9474-1A3956D46DE8}") = "src", "src", "{4AA0370A-BBF6-4C31-8BF5-AF9A430FD680}"
EndProject
Project("{9A19103F-16F7-4668-BE54-9A1E7A4F7556}") = "Application", "src\Application\Application.csproj", "{BACD0179-56FC-4EB7-AF7D-0C914C74D60B}"
EndProject
Project("{9A19103F-16F7-4668-BE54-9A1E7A4F7556}") = "Domain", "src\Domain\Domain.csproj", "{980C1536-6832-4007-A4A7-B89D7566D76B}"
EndProject
Project("{9A19103F-16F7-4668-BE54-9A1E7A4F7556}") = "Infrastructure", "src\Infrastructure\Infrastructure.csproj", "{8DAADBC5-BAA8-4CCB-854E-8D695E747026}"
EndProject
Project("{9A19103F-16F7-4668-BE54-9A1E7A4F7556}") = "WebUI", "src\WebUI\WebUI.csproj", "{8F5DEAB6-8D89-407D-A879-3B1897372A96}"
EndProject
Global
	GlobalSection(SolutionConfigurationPlatforms) = preSolution
		Debug|Any CPU = Debug|Any CPU
		Release|Any CPU = Release|Any CPU
	EndGlobalSection
	GlobalSection(ProjectConfigurationPlatforms) = postSolution
		{DEFF4009-1FAB-4392-80B6-707E2DC5C00B}.Debug|Any CPU.ActiveCfg = Debug|Any CPU
		{DEFF4009-1FAB-4392-80B6-707E2DC5C00B}.Debug|Any CPU.Build.0 = Debug|Any CPU
		{DEFF4009-1FAB-4392-80B6-707E2DC5C00B}.Release|Any CPU.ActiveCfg = Release|Any CPU
		{DEFF4009-1FAB-4392-80B6-707E2DC5C00B}.Release|Any CPU.Build.0 = Release|Any CPU
		{DC37FD87-552C-4613-9F16-1537CA522898}.Debug|Any CPU.ActiveCfg = Debug|Any CPU
		{DC37FD87-552C-4613-9F16-1537CA522898}.Debug|Any CPU.Build.0 = Debug|Any CPU
		{DC37FD87-552C-4613-9F16-1537CA522898}.Release|Any CPU.ActiveCfg = Release|Any CPU
		{DC37FD87-552C-4613-9F16-1537CA522898}.Release|Any CPU.Build.0 = Release|Any CPU
		{277029AF-D9E1-4B75-9F11-48FEA7345AD7}.Debug|Any CPU.ActiveCfg = Debug|Any CPU
		{277029AF-D9E1-4B75-9F11-48FEA7345AD7}.Debug|Any CPU.Build.0 = Debug|Any CPU
		{277029AF-D9E1-4B75-9F11-48FEA7345AD7}.Release|Any CPU.ActiveCfg = Release|Any CPU
		{277029AF-D9E1-4B75-9F11-48FEA7345AD7}.Release|Any CPU.Build.0 = Release|Any CPU
		{6BD2EC46-FA8F-44F3-AF33-903BBB347116}.Debug|Any CPU.ActiveCfg = Debug|Any CPU
		{6BD2EC46-FA8F-44F3-AF33-903BBB347116}.Debug|Any CPU.Build.0 = Debug|Any CPU
		{6BD2EC46-FA8F-44F3-AF33-903BBB347116}.Release|Any CPU.ActiveCfg = Release|Any CPU
		{6BD2EC46-FA8F-44F3-AF33-903BBB347116}.Release|Any CPU.Build.0 = Release|Any CPU
		{BACD0179-56FC-4EB7-AF7D-0C914C74D60B}.Debug|Any CPU.ActiveCfg = Debug|Any CPU
		{BACD0179-56FC-4EB7-AF7D-0C914C74D60B}.Debug|Any CPU.Build.0 = Debug|Any CPU
		{BACD0179-56FC-4EB7-AF7D-0C914C74D60B}.Release|Any CPU.ActiveCfg = Release|Any CPU
		{BACD0179-56FC-4EB7-AF7D-0C914C74D60B}.Release|Any CPU.Build.0 = Release|Any CPU
		{980C1536-6832-4007-A4A7-B89D7566D76B}.Debug|Any CPU.ActiveCfg = Debug|Any CPU
		{980C1536-6832-4007-A4A7-B89D7566D76B}.Debug|Any CPU.Build.0 = Debug|Any CPU
		{980C1536-6832-4007-A4A7-B89D7566D76B}.Release|Any CPU.ActiveCfg = Release|Any CPU
		{980C1536-6832-4007-A4A7-B89D7566D76B}.Release|Any CPU.Build.0 = Release|Any CPU
		{8DAADBC5-BAA8-4CCB-854E-8D695E747026}.Debug|Any CPU.ActiveCfg = Debug|Any CPU
		{8DAADBC5-BAA8-4CCB-854E-8D695E747026}.Debug|Any CPU.Build.0 = Debug|Any CPU
		{8DAADBC5-BAA8-4CCB-854E-8D695E747026}.Release|Any CPU.ActiveCfg = Release|Any CPU
		{8DAADBC5-BAA8-4CCB-854E-8D695E747026}.Release|Any CPU.Build.0 = Release|Any CPU
		{8F5DEAB6-8D89-407D-A879-3B1897372A96}.Debug|Any CPU.ActiveCfg = Debug|Any CPU
		{8F5DEAB6-8D89-407D-A879-3B1897372A96}.Debug|Any CPU.Build.0 = Debug|Any CPU
		{8F5DEAB6-8D89-407D-A879-3B1897372A96}.Release|Any CPU.ActiveCfg = Release|Any CPU
		{8F5DEAB6-8D89-407D-A879-3B1897372A96}.Release|Any CPU.Build.0 = Release|Any CPU
	EndGlobalSection
	GlobalSection(SolutionProperties) = preSolution
		HideSolutionNode = FALSE
	EndGlobalSection
	GlobalSection(NestedProjects) = preSolution
		{DEFF4009-1FAB-4392-80B6-707E2DC5C00B} = {664D406C-2F83-48F0-BFC3-408D5CB53C65}
		{DC37FD87-552C-4613-9F16-1537CA522898} = {664D406C-2F83-48F0-BFC3-408D5CB53C65}
		{277029AF-D9E1-4B75-9F11-48FEA7345AD7} = {664D406C-2F83-48F0-BFC3-408D5CB53C65}
		{BACD0179-56FC-4EB7-AF7D-0C914C74D60B} = {4AA0370A-BBF6-4C31-8BF5-AF9A430FD680}
		{980C1536-6832-4007-A4A7-B89D7566D76B} = {4AA0370A-BBF6-4C31-8BF5-AF9A430FD680}
		{8DAADBC5-BAA8-4CCB-854E-8D695E747026} = {4AA0370A-BBF6-4C31-8BF5-AF9A430FD680}
		{8F5DEAB6-8D89-407D-A879-3B1897372A96} = {4AA0370A-BBF6-4C31-8BF5-AF9A430FD680}
	EndGlobalSection
	GlobalSection(ExtensibilityGlobals) = postSolution
		SolutionGuid = {3CB609D9-5D54-4C11-A371-DAAC8B74E430}
	EndGlobalSection
EndGlobal
